
Microsoft Visual Studio Solution File, Format Version 12.00
# Visual Studio Version 17
VisualStudioVersion = 17.7.34009.444
MinimumVisualStudioVersion = 10.0.40219.1
Project("{9A19103F-16F7-4668-BE54-9A1E7A4F7556}") = "MuckSaveGame", "MuckSaveGame.csproj", "{792DC78C-9C10-473F-A7A7-E8BC71843CA2}"
EndProject
Global
	GlobalSection(SolutionConfigurationPlatforms) = preSolution
		Debug|Any CPU = Debug|Any CPU
		Debug|x64 = Debug|x64
		Release|Any CPU = Release|Any CPU
		Release|x64 = Release|x64
	EndGlobalSection
	GlobalSection(ProjectConfigurationPlatforms) = postSolution
		{792DC78C-9C10-473F-A7A7-E8BC71843CA2}.Debug|Any CPU.ActiveCfg = Debug|Any CPU
		{792DC78C-9C10-473F-A7A7-E8BC71843CA2}.Debug|Any CPU.Build.0 = Debug|Any CPU
		{792DC78C-9C10-473F-A7A7-E8BC71843CA2}.Debug|x64.ActiveCfg = Debug|x64
		{792DC78C-9C10-473F-A7A7-E8BC71843CA2}.Debug|x64.Build.0 = Debug|x64
		{792DC78C-9C10-473F-A7A7-E8BC71843CA2}.Release|Any CPU.ActiveCfg = Release|Any CPU
		{792DC78C-9C10-473F-A7A7-E8BC71843CA2}.Release|Any CPU.Build.0 = Release|Any CPU
		{792DC78C-9C10-473F-A7A7-E8BC71843CA2}.Release|x64.ActiveCfg = Release|x64
		{792DC78C-9C10-473F-A7A7-E8BC71843CA2}.Release|x64.Build.0 = Release|x64
	EndGlobalSection
	GlobalSection(SolutionProperties) = preSolution
		HideSolutionNode = FALSE
	EndGlobalSection
	GlobalSection(ExtensibilityGlobals) = postSolution
		SolutionGuid = {728142A5-2F01-4F20-B157-88DD790771B1}
	EndGlobalSection
EndGlobal
